
Microsoft Visual Studio Solution File, Format Version 12.00
# Visual Studio Version 16
VisualStudioVersion = 16.0.30804.86
MinimumVisualStudioVersion = 10.0.40219.1
Project("{9A19103F-16F7-4668-BE54-9A1E7A4F7556}") = "Causality.Server", "Causality\Server\Causality.Server.csproj", "{8E0D3604-78D7-4AE1-87E3-53F294C8AC9C}"
EndProject
Project("{9A19103F-16F7-4668-BE54-9A1E7A4F7556}") = "Causality.Client", "Causality\Client\Causality.Client.csproj", "{757DB1A6-316B-4AFC-8132-7E7EFCC5911C}"
EndProject
Project("{9A19103F-16F7-4668-BE54-9A1E7A4F7556}") = "Causality.Shared", "Causality\Shared\Causality.Shared.csproj", "{7D47B9A2-8BC2-47E9-B413-701119915C4B}"
EndProject
Global
	GlobalSection(SolutionConfigurationPlatforms) = preSolution
		Debug|Any CPU = Debug|Any CPU
		Release|Any CPU = Release|Any CPU
	EndGlobalSection
	GlobalSection(ProjectConfigurationPlatforms) = postSolution
		{8E0D3604-78D7-4AE1-87E3-53F294C8AC9C}.Debug|Any CPU.ActiveCfg = Debug|Any CPU
		{8E0D3604-78D7-4AE1-87E3-53F294C8AC9C}.Debug|Any CPU.Build.0 = Debug|Any CPU
		{8E0D3604-78D7-4AE1-87E3-53F294C8AC9C}.Release|Any CPU.ActiveCfg = Release|Any CPU
		{8E0D3604-78D7-4AE1-87E3-53F294C8AC9C}.Release|Any CPU.Build.0 = Release|Any CPU
		{757DB1A6-316B-4AFC-8132-7E7EFCC5911C}.Debug|Any CPU.ActiveCfg = Debug|Any CPU
		{757DB1A6-316B-4AFC-8132-7E7EFCC5911C}.Debug|Any CPU.Build.0 = Debug|Any CPU
		{757DB1A6-316B-4AFC-8132-7E7EFCC5911C}.Release|Any CPU.ActiveCfg = Release|Any CPU
		{757DB1A6-316B-4AFC-8132-7E7EFCC5911C}.Release|Any CPU.Build.0 = Release|Any CPU
		{7D47B9A2-8BC2-47E9-B413-701119915C4B}.Debug|Any CPU.ActiveCfg = Debug|Any CPU
		{7D47B9A2-8BC2-47E9-B413-701119915C4B}.Debug|Any CPU.Build.0 = Debug|Any CPU
		{7D47B9A2-8BC2-47E9-B413-701119915C4B}.Release|Any CPU.ActiveCfg = Release|Any CPU
		{7D47B9A2-8BC2-47E9-B413-701119915C4B}.Release|Any CPU.Build.0 = Release|Any CPU
	EndGlobalSection
	GlobalSection(SolutionProperties) = preSolution
		HideSolutionNode = FALSE
	EndGlobalSection
	GlobalSection(ExtensibilityGlobals) = postSolution
		SolutionGuid = {1A59EFF0-3C08-4192-8007-677940F3B2C3}
	EndGlobalSection
EndGlobal
